PODS:
  - Alamofire (4.9.1)
  - BitcoinKit (1.1.0)
  - Bugly (2.5.90)
  - Cache (5.3.0)
  - Closures (0.7)
  - CropViewController (2.6.0)
  - Differentiator (3.1.0)
  - DZNEmptyDataSet (1.8.1)
  - ESTabBarController-swift (2.8.0)
  - FoldingCell (5.0.2)
  - FSPagerView (0.8.3)
  - Hero (1.5.0)
  - IQKeyboardManagerSwift (6.5.6)
  - JJException (0.2.10):
    - JJException/All (= 0.2.10)
  - JJException/All (0.2.10):
    - JJException/ARC
    - JJException/DeallocBlock
    - JJException/Main
    - JJException/MRC
    - JJException/Swizzle
  - JJException/ARC (0.2.10):
    - JJException/DeallocBlock
    - JJException/Main
    - JJException/Swizzle
  - JJException/DeallocBlock (0.2.10)
  - JJException/Main (0.2.10)
  - JJException/MRC (0.2.10):
    - JJException/Main
    - JJException/Swizzle
  - JJException/Swizzle (0.2.10)
  - JXSegmentedView (1.2.7)
  - KafkaRefresh (1.5.0):
    - KafkaRefresh/Category (= 1.5.0)
    - KafkaRefresh/Configuration (= 1.5.0)
    - KafkaRefresh/Core (= 1.5.0)
    - KafkaRefresh/Default (= 1.5.0)
    - KafkaRefresh/Style (= 1.5.0)
    - KafkaRefresh/UIKit (= 1.5.0)
  - KafkaRefresh/Category (1.5.0)
  - KafkaRefresh/Configuration (1.5.0):
    - KafkaRefresh/UIKit/FootKit
    - KafkaRefresh/UIKit/HeadKit
  - KafkaRefresh/Core (1.5.0):
    - KafkaRefresh/Category
  - KafkaRefresh/Default (1.5.0):
    - KafkaRefresh/Style
  - KafkaRefresh/Style (1.5.0)
  - KafkaRefresh/UIKit (1.5.0):
    - KafkaRefresh/UIKit/FootKit (= 1.5.0)
    - KafkaRefresh/UIKit/HeadKit (= 1.5.0)
    - KafkaRefresh/UIKit/LayerKit (= 1.5.0)
  - KafkaRefresh/UIKit/FootKit (1.5.0):
    - KafkaRefresh/Category
    - KafkaRefresh/Core
    - KafkaRefresh/Default
    - KafkaRefresh/Style
    - KafkaRefresh/UIKit/LayerKit
  - KafkaRefresh/UIKit/HeadKit (1.5.0):
    - KafkaRefresh/Category
    - KafkaRefresh/Core
    - KafkaRefresh/Default
    - KafkaRefresh/Style
    - KafkaRefresh/UIKit/LayerKit
  - KafkaRefresh/UIKit/LayerKit (1.5.0):
    - KafkaRefresh/Category
    - KafkaRefresh/Default
  - KeychainSwift (19.0.0)
  - Kingfisher (4.10.1)
  - Localize-Swift (3.2.0):
    - Localize-Swift/LocalizeSwiftCore (= 3.2.0)
    - Localize-Swift/UIKit (= 3.2.0)
  - Localize-Swift/LocalizeSwiftCore (3.2.0)
  - Localize-Swift/UIKit (3.2.0):
    - Localize-Swift/LocalizeSwiftCore
  - LTMorphingLabel (0.9.3)
  - MarqueeLabel (4.2.0)
  - Moya (12.0.1):
    - Moya/Core (= 12.0.1)
  - Moya-ObjectMapper (2.8):
    - Moya-ObjectMapper/Core (= 2.8)
  - Moya-ObjectMapper/Core (2.8):
    - Moya (~> 12.0)
    - ObjectMapper (~> 3.4)
  - Moya/Core (12.0.1):
    - Alamofire (~> 4.1)
    - Result (~> 4.0)
  - Moya/RxSwift (12.0.1):
    - Moya/Core
    - RxSwift (~> 4.0)
  - MYTableViewIndex (0.8.0)
  - "NSObject+Rx (4.4.1)":
    - RxSwift (~> 4.3)
  - ObjectMapper (3.5.3)
  - Result (4.1.0)
  - RxCocoa (4.5.0):
    - RxSwift (>= 4.4.2, ~> 4.4)
  - RxDataSources (3.1.0):
    - Differentiator (~> 3.0)
    - RxCocoa (~> 4.0)
    - RxSwift (~> 4.0)
  - RxSwift (4.5.0)
  - Schedule (2.1.0)
  - SnapKit (4.2.0)
  - SVProgressHUD (2.2.5)
  - SwifterSwift (5.1.0):
    - SwifterSwift/AppKit (= 5.1.0)
    - SwifterSwift/CoreGraphics (= 5.1.0)
    - SwifterSwift/CoreLocation (= 5.1.0)
    - SwifterSwift/Dispatch (= 5.1.0)
    - SwifterSwift/Foundation (= 5.1.0)
    - SwifterSwift/MapKit (= 5.1.0)
    - SwifterSwift/SceneKit (= 5.1.0)
    - SwifterSwift/SpriteKit (= 5.1.0)
    - SwifterSwift/SwiftStdlib (= 5.1.0)
    - SwifterSwift/UIKit (= 5.1.0)
  - SwifterSwift/AppKit (5.1.0)
  - SwifterSwift/CoreGraphics (5.1.0)
  - SwifterSwift/CoreLocation (5.1.0)
  - SwifterSwift/Dispatch (5.1.0)
  - SwifterSwift/Foundation (5.1.0)
  - SwifterSwift/MapKit (5.1.0)
  - SwifterSwift/SceneKit (5.1.0)
  - SwifterSwift/SpriteKit (5.1.0)
  - SwifterSwift/SwiftStdlib (5.1.0)
  - SwifterSwift/UIKit (5.1.0)
  - SwiftMessages (9.0.5):
    - SwiftMessages/App (= 9.0.5)
  - SwiftMessages/App (9.0.5)
  - SwiftyAttributes (5.1.1)
  - SwiftyRSA (1.5.0):
    - SwiftyRSA/ObjC (= 1.5.0)
  - SwiftyRSA/ObjC (1.5.0)
  - Then (2.7.0)
  - "UITextView+Placeholder (1.4.0)"
  - UMCAnalytics (6.1.0):
    - UMCCommon
  - UMCCommon (2.0.1)
  - UMCPush (3.2.5):
    - UMCCommon
  - Validator (3.2.1)
  - ViewAnimator (3.1.0)
  - WKWebViewJavascriptBridge (1.2.1)

DEPENDENCIES:
  - BitcoinKit (~> 1.1.0)
  - Bugly
  - Cache
  - Closures
  - CropViewController
  - DZNEmptyDataSet
  - ESTabBarController-swift
  - FoldingCell
  - FSPagerView
  - Hero
  - IQKeyboardManagerSwift
  - JJException
  - JXSegmentedView
  - KafkaRefresh
  - KeychainSwift
  - Kingfisher
  - Localize-Swift
  - LTMorphingLabel
  - MarqueeLabel
  - Moya (~> 12.0)
  - Moya-ObjectMapper (~> 2.8)
  - Moya/RxSwift
  - MYTableViewIndex
  - "NSObject+Rx"
  - Result
  - RxCocoa
  - RxDataSources
  - RxSwift
  - Schedule
  - SnapKit
  - SVProgressHUD
  - SwifterSwift
  - SwiftMessages (~> 9.0.4)
  - SwiftyAttributes
  - SwiftyRSA
  - Then
  - "UITextView+Placeholder"
  - UMCAnalytics
  - UMCCommon (~> 2.0.1)
  - UMCPush (~> 3.2.4)
  - Validator
  - ViewAnimator
  - WKWebViewJavascriptBridge (~> 1.2.0)

SPEC REPOS:
  https://github.com/CocoaPods/Specs:
    - Alamofire
    - BitcoinKit
    - Bugly
    - Cache
    - Closures
    - CropViewController
    - Differentiator
    - DZNEmptyDataSet
    - ESTabBarController-swift
    - FoldingCell
    - FSPagerView
    - Hero
    - IQKeyboardManagerSwift
    - JJException
    - JXSegmentedView
    - KafkaRefresh
    - KeychainSwift
    - Kingfisher
    - Localize-Swift
    - LTMorphingLabel
    - MarqueeLabel
    - Moya
    - Moya-ObjectMapper
    - MYTableViewIndex
    - "NSObject+Rx"
    - ObjectMapper
    - RxDataSources
    - Schedule
    - SnapKit
    - SVProgressHUD
    - SwifterSwift
    - SwiftyAttributes
    - SwiftyRSA
    - Then
    - "UITextView+Placeholder"
    - UMCAnalytics
    - UMCPush
    - Validator
    - ViewAnimator
    - WKWebViewJavascriptBridge
  trunk:
    - Result
    - RxCocoa
    - RxSwift
    - SwiftMessages
    - UMCCommon

SPEC CHECKSUMS:
  Alamofire: 85e8a02c69d6020a0d734f6054870d7ecb75cf18
  BitcoinKit: a8c198d2a57caf64dc43271901f8c5a2309aced2
  Bugly: 88bc32c0acc6fef7b74d610f0319ee7560d6b9fe
  Cache: 48762993ec44e1d93483c4d4a13edd18452326f4
  Closures: a83b9892a5b1c4125a9dfcd53e2754db5d7f6d22
  CropViewController: 7093b39ec3cb508531b22d35773e06cecd7378d8
  Differentiator: be49ca3408f0ecfc761e4c7763d20c62be01b9ad
  DZNEmptyDataSet: 9525833b9e68ac21c30253e1d3d7076cc828eaa7
  ESTabBarController-swift: 05593a6ad64700b03c0eb60ff625916370aa4136
  FoldingCell: f92eb5fb9842319e7cd08c71533c98408b785099
  FSPagerView: 670405b2f18e2a87fa37f20b00de783e562c25a8
  Hero: b7385b75e7259da62f4f85462f59a5082d66b058
  IQKeyboardManagerSwift: c7df9d2deb356c04522f5c4b7b6e4ce4d8ed94fe
  JJException: 2fbbd9c97313862134fbd6e5ca8e6a297baeaac0
  JXSegmentedView: eb1cad21f57c2543c00c3e08b8fd3c7ca54f5acd
  KafkaRefresh: 01645b1509b8647809f6bb666629c80855bd3fdd
  KeychainSwift: a06190cf933ad46b1e0abc3d77d29c06331715c7
  Kingfisher: c148cd7b47ebde9989f6bc7c27dcaa79d81279a0
  Localize-Swift: 6f4475136bdb0d7b2882ea3d4ea919d70142b232
  LTMorphingLabel: f2b256e4fe665aac27f0d0e8ccdcd79590f0cd70
  MarqueeLabel: f4117d82a55209171e8f66bd4859fa11ade335a1
  Moya: cf730b3cd9e005401ef37a85143aa141a12fd38f
  Moya-ObjectMapper: c514b5eafcfd5e260f85f7a5bf66895a217e2b37
  MYTableViewIndex: 55d5d8557b3f2a4de270d8c0260b41f3918ba4e3
  "NSObject+Rx": 9884a92f19b610795c431e10b4e601913b59c9e9
  ObjectMapper: 97111c97e054a6ee25917662106689f0b4127b37
  Result: bd966fac789cc6c1563440b348ab2598cc24d5c7
  RxCocoa: cbf70265dc65a981d4ac982e513c10cf23df24a0
  RxDataSources: a843bad90c29817f5923ec8163f4af2de084ceb3
  RxSwift: f172070dfd1a93d70a9ab97a5a01166206e1c575
  Schedule: 00e6d7bbdbdb000fd1f51a7d10e9f88a8c451fda
  SnapKit: fe8a619752f3f27075cc9a90244d75c6c3f27e2a
  SVProgressHUD: 1428aafac632c1f86f62aa4243ec12008d7a51d6
  SwifterSwift: a9e8e144832638c2850b43da5feaf9598c6ad65b
  SwiftMessages: 9cca50659fa22bb523b4dd2a958d4442e843a354
  SwiftyAttributes: e3e13891ddac3c62b3d7798d5c3969cea88e62bb
  SwiftyRSA: 6e528fb1b1a87d5111c48081083b141d6d65f1cf
  Then: acfe0be7e98221c6204e12f8161459606d5d822d
  "UITextView+Placeholder": d7b0c400921f66523f3a85d74f774512e14f6502
  UMCAnalytics: 3503f179f7af932b30af9ac161ac11fb48fa72b6
  UMCCommon: 0263a057a2e1ae1da4c8308541e56904a493ce13
  UMCPush: 078b5818e0e47c4cf8ab42a5a30e8b54a0854077
  Validator: 80a6f567220c962dfd2d9928ae98a8c1d164f6f4
  ViewAnimator: a9ceed80266e00fd435ec4fb99b2df64d580d0e4
  WKWebViewJavascriptBridge: 07ad0cab27cd61ccdb90b5deb223f6df3a03c3d7

PODFILE CHECKSUM: 816af9a79fa213d31b49eda2a5daba41cc38ae6a

COCOAPODS: 1.11.3
